
Microsoft Visual Studio Solution File, Format Version 12.00
# Visual Studio Version 17
VisualStudioVersion = 17.4.33205.214
MinimumVisualStudioVersion = 10.0.40219.1
Project("{9A19103F-16F7-4668-BE54-9A1E7A4F7556}") = "AdvancedForms", "AdvancedForms\AdvancedForms.csproj", "{29037DFF-F00C-474D-A155-1B46637ED517}"
EndProject
Project("{9A19103F-16F7-4668-BE54-9A1E7A4F7556}") = "AdvancedForms.Tests", "AdvancedForms.Tests\AdvancedForms.Tests.csproj", "{F11BE5B1-67A9-42DD-AE16-EFCFA2B8C94F}"
EndProject
Global
	GlobalSection(SolutionConfigurationPlatforms) = preSolution
		Debug|Any CPU = Debug|Any CPU
		Release|Any CPU = Release|Any CPU
	EndGlobalSection
	GlobalSection(ProjectConfigurationPlatforms) = postSolution
		{29037DFF-F00C-474D-A155-1B46637ED517}.Debug|Any CPU.ActiveCfg = Debug|Any CPU
		{29037DFF-F00C-474D-A155-1B46637ED517}.Debug|Any CPU.Build.0 = Debug|Any CPU
		{29037DFF-F00C-474D-A155-1B46637ED517}.Release|Any CPU.ActiveCfg = Release|Any CPU
		{29037DFF-F00C-474D-A155-1B46637ED517}.Release|Any CPU.Build.0 = Release|Any CPU
		{F11BE5B1-67A9-42DD-AE16-EFCFA2B8C94F}.Debug|Any CPU.ActiveCfg = Debug|Any CPU
		{F11BE5B1-67A9-42DD-AE16-EFCFA2B8C94F}.Debug|Any CPU.Build.0 = Debug|Any CPU
		{F11BE5B1-67A9-42DD-AE16-EFCFA2B8C94F}.Release|Any CPU.ActiveCfg = Release|Any CPU
		{F11BE5B1-67A9-42DD-AE16-EFCFA2B8C94F}.Release|Any CPU.Build.0 = Release|Any CPU
	EndGlobalSection
	GlobalSection(SolutionProperties) = preSolution
		HideSolutionNode = FALSE
	EndGlobalSection
	GlobalSection(ExtensibilityGlobals) = postSolution
		SolutionGuid = {2BB9DD92-41F3-4A04-9BA2-E2753FDF758C}
	EndGlobalSection
EndGlobal
